
Microsoft Visual Studio Solution File, Format Version 12.00
# Visual Studio 15
VisualStudioVersion = 15.0.28010.2046
MinimumVisualStudioVersion = 10.0.40219.1
Project("{FAE04EC0-301F-11D3-BF4B-00C04F79EFBC}") = "Pizza", "Pizza\Pizza.csproj", "{2CEFA567-A4AD-4F4C-940E-E62026F6128C}"
EndProject
Project("{FAE04EC0-301F-11D3-BF4B-00C04F79EFBC}") = "DAL", "DAL\DAL.csproj", "{50E62F27-E9E7-459C-8722-67F372CD2451}"
EndProject
Project("{FAE04EC0-301F-11D3-BF4B-00C04F79EFBC}") = "BLL", "BLL\BLL.csproj", "{7CD0744A-AB60-4E5A-B900-AB67AFF0D3C4}"
EndProject
Global
	GlobalSection(SolutionConfigurationPlatforms) = preSolution
		Debug|Any CPU = Debug|Any CPU
		Release|Any CPU = Release|Any CPU
	EndGlobalSection
	GlobalSection(ProjectConfigurationPlatforms) = postSolution
		{2CEFA567-A4AD-4F4C-940E-E62026F6128C}.Debug|Any CPU.ActiveCfg = Debug|Any CPU
		{2CEFA567-A4AD-4F4C-940E-E62026F6128C}.Debug|Any CPU.Build.0 = Debug|Any CPU
		{2CEFA567-A4AD-4F4C-940E-E62026F6128C}.Release|Any CPU.ActiveCfg = Release|Any CPU
		{2CEFA567-A4AD-4F4C-940E-E62026F6128C}.Release|Any CPU.Build.0 = Release|Any CPU
		{50E62F27-E9E7-459C-8722-67F372CD2451}.Debug|Any CPU.ActiveCfg = Debug|Any CPU
		{50E62F27-E9E7-459C-8722-67F372CD2451}.Debug|Any CPU.Build.0 = Debug|Any CPU
		{50E62F27-E9E7-459C-8722-67F372CD2451}.Release|Any CPU.ActiveCfg = Release|Any CPU
		{50E62F27-E9E7-459C-8722-67F372CD2451}.Release|Any CPU.Build.0 = Release|Any CPU
		{7CD0744A-AB60-4E5A-B900-AB67AFF0D3C4}.Debug|Any CPU.ActiveCfg = Debug|Any CPU
		{7CD0744A-AB60-4E5A-B900-AB67AFF0D3C4}.Debug|Any CPU.Build.0 = Debug|Any CPU
		{7CD0744A-AB60-4E5A-B900-AB67AFF0D3C4}.Release|Any CPU.ActiveCfg = Release|Any CPU
		{7CD0744A-AB60-4E5A-B900-AB67AFF0D3C4}.Release|Any CPU.Build.0 = Release|Any CPU
	EndGlobalSection
	GlobalSection(SolutionProperties) = preSolution
		HideSolutionNode = FALSE
	EndGlobalSection
	GlobalSection(ExtensibilityGlobals) = postSolution
		SolutionGuid = {3F04F8EB-95FB-49BB-971E-B1DCECA264F0}
	EndGlobalSection
EndGlobal
